<?xml version="1.0" encoding="utf-8"?>
<Project ToolsVersion="4.0" xmlns="http://schemas.microsoft.com/developer/msbuild/2003">
  <ItemGroup>
    <Filter Include="源文件">
      <UniqueIdentifier>{4FC737F1-C7A5-4376-A066-2A32D752A2FF}</UniqueIdentifier>
      <Extensions>cpp;c;cc;cxx;c++;cppm;ixx;def;odl;idl;hpj;bat;asm;asmx</Extensions>
    </Filter>
    <Filter Include="头文件">
      <UniqueIdentifier>{93995380-89BD-4b04-88EB-625FBE52EBFB}</UniqueIdentifier>
      <Extensions>h;hh;hpp;hxx;h++;hm;inl;inc;ipp;xsd</Extensions>
    </Filter>
    <Filter Include="资源文件">
      <UniqueIdentifier>{67DA6AB6-F800-4c08-8B7A-83BB121AAD01}</UniqueIdentifier>
      <Extensions>rc;ico;cur;bmp;dlg;rc2;rct;bin;rgs;gif;jpg;jpeg;jpe;resx;tiff;tif;png;wav;mfcribbon-ms</Extensions>
    </Filter>
    <Filter Include="资源文件\stb_image">
      <UniqueIdentifier>{692bbe34-40d5-40e5-82c7-1e6be2f866de}</UniqueIdentifier>
    </Filter>
    <Filter Include="IMGUI">
      <UniqueIdentifier>{59bb415e-52d1-41ca-916e-f11a16eb2158}</UniqueIdentifier>
    </Filter>
  </ItemGroup>
  <ItemGroup>
    <ClCompile Include="glad.c">
      <Filter>资源文件</Filter>
    </ClCompile>
    <ClCompile Include="GenerateTexture.cpp">
      <Filter>源文件</Filter>
    </ClCompile>
    <ClCompile Include="stb_image.cpp">
      <Filter>资源文件\stb_image</Filter>
    </ClCompile>
    <ClCompile Include="stb_image_write.cpp">
      <Filter>资源文件\stb_image</Filter>
    </ClCompile>
    <ClCompile Include="Cloud.cpp">
      <Filter>源文件</Filter>
    </ClCompile>
    <ClCompile Include="MyMain.cpp" />
    <ClCompile Include="imgui_demo.cpp">
      <Filter>IMGUI</Filter>
    </ClCompile>
    <ClCompile Include="imgui_draw.cpp">
      <Filter>IMGUI</Filter>
    </ClCompile>
    <ClCompile Include="imgui_impl_glfw.cpp">
      <Filter>IMGUI</Filter>
    </ClCompile>
    <ClCompile Include="imgui_impl_opengl3.cpp">
      <Filter>IMGUI</Filter>
    </ClCompile>
    <ClCompile Include="imgui_tables.cpp">
      <Filter>IMGUI</Filter>
    </ClCompile>
    <ClCompile Include="imgui_widgets.cpp">
      <Filter>IMGUI</Filter>
    </ClCompile>
    <ClCompile Include="imgui.cpp">
      <Filter>IMGUI</Filter>
    </ClCompile>
  </ItemGroup>
  <ItemGroup>
    <ClInclude Include="Shader.h">
      <Filter>头文件</Filter>
    </ClInclude>
    <ClInclude Include="ComputeShader.h">
      <Filter>头文件</Filter>
    </ClInclude>
    <ClInclude Include="GenerateTexture.h">
      <Filter>头文件</Filter>
    </ClInclude>
    <ClInclude Include="Camera.h">
      <Filter>头文件</Filter>
    </ClInclude>
    <ClInclude Include="Cloud.h">
      <Filter>头文件</Filter>
    </ClInclude>
  </ItemGroup>
</Project>